
Microsoft Visual Studio Solution File, Format Version 12.00
# Visual Studio Version 17
VisualStudioVersion = 17.14.36414.22 d17.14
MinimumVisualStudioVersion = 10.0.40219.1
Project("{FAE04EC0-301F-11D3-BF4B-00C04F79EFBC}") = "OPalapok", "OPalapok\OPalapok.csproj", "{C1B45B7B-E930-4543-8948-00C22C0A126B}"
EndProject
Global
	GlobalSection(SolutionConfigurationPlatforms) = preSolution
		Debug|Any CPU = Debug|Any CPU
		Release|Any CPU = Release|Any CPU
	EndGlobalSection
	GlobalSection(ProjectConfigurationPlatforms) = postSolution
		{C1B45B7B-E930-4543-8948-00C22C0A126B}.Debug|Any CPU.ActiveCfg = Debug|Any CPU
		{C1B45B7B-E930-4543-8948-00C22C0A126B}.Debug|Any CPU.Build.0 = Debug|Any CPU
		{C1B45B7B-E930-4543-8948-00C22C0A126B}.Release|Any CPU.ActiveCfg = Release|Any CPU
		{C1B45B7B-E930-4543-8948-00C22C0A126B}.Release|Any CPU.Build.0 = Release|Any CPU
	EndGlobalSection
	GlobalSection(SolutionProperties) = preSolution
		HideSolutionNode = FALSE
	EndGlobalSection
	GlobalSection(ExtensibilityGlobals) = postSolution
		SolutionGuid = {59FA6FCC-95B2-4334-8EE0-EBADFAFEB4D1}
	EndGlobalSection
EndGlobal
